
Microsoft Visual Studio Solution File, Format Version 12.00
# Visual Studio Version 17
VisualStudioVersion = 17.8.34330.188
MinimumVisualStudioVersion = 10.0.40219.1
Project("{FAE04EC0-301F-11D3-BF4B-00C04F79EFBC}") = "SumaAppMVVM.Android", "SumaAppMVVM\SumaAppMVVM.Android\SumaAppMVVM.Android.csproj", "{4342BDC2-6380-4293-8904-A4BD126E1E22}"
EndProject
Global
	GlobalSection(SolutionConfigurationPlatforms) = preSolution
		Debug|Any CPU = Debug|Any CPU
		Release|Any CPU = Release|Any CPU
	EndGlobalSection
	GlobalSection(ProjectConfigurationPlatforms) = postSolution
		{4342BDC2-6380-4293-8904-A4BD126E1E22}.Debug|Any CPU.ActiveCfg = Debug|Any CPU
		{4342BDC2-6380-4293-8904-A4BD126E1E22}.Debug|Any CPU.Build.0 = Debug|Any CPU
		{4342BDC2-6380-4293-8904-A4BD126E1E22}.Debug|Any CPU.Deploy.0 = Debug|Any CPU
		{4342BDC2-6380-4293-8904-A4BD126E1E22}.Release|Any CPU.ActiveCfg = Release|Any CPU
		{4342BDC2-6380-4293-8904-A4BD126E1E22}.Release|Any CPU.Build.0 = Release|Any CPU
		{4342BDC2-6380-4293-8904-A4BD126E1E22}.Release|Any CPU.Deploy.0 = Release|Any CPU
	EndGlobalSection
	GlobalSection(SolutionProperties) = preSolution
		HideSolutionNode = FALSE
	EndGlobalSection
	GlobalSection(ExtensibilityGlobals) = postSolution
		SolutionGuid = {B839A0C5-00A3-42DE-A04A-B953903B513A}
	EndGlobalSection
EndGlobal
